
Microsoft Visual Studio Solution File, Format Version 12.00
# Visual Studio Version 17
VisualStudioVersion = 17.5.33502.453
MinimumVisualStudioVersion = 10.0.40219.1
Project("{9A19103F-16F7-4668-BE54-9A1E7A4F7556}") = "TechServicesApp", "TrabajoIntegrador\TechServicesApp.csproj", "{03EDF67E-BA92-4D88-8CD3-D3EEE7DBE5DD}"
EndProject
Global
	GlobalSection(SolutionConfigurationPlatforms) = preSolution
		Debug|Any CPU = Debug|Any CPU
		Release|Any CPU = Release|Any CPU
	EndGlobalSection
	GlobalSection(ProjectConfigurationPlatforms) = postSolution
		{03EDF67E-BA92-4D88-8CD3-D3EEE7DBE5DD}.Debug|Any CPU.ActiveCfg = Debug|Any CPU
		{03EDF67E-BA92-4D88-8CD3-D3EEE7DBE5DD}.Debug|Any CPU.Build.0 = Debug|Any CPU
		{03EDF67E-BA92-4D88-8CD3-D3EEE7DBE5DD}.Release|Any CPU.ActiveCfg = Release|Any CPU
		{03EDF67E-BA92-4D88-8CD3-D3EEE7DBE5DD}.Release|Any CPU.Build.0 = Release|Any CPU
	EndGlobalSection
	GlobalSection(SolutionProperties) = preSolution
		HideSolutionNode = FALSE
	EndGlobalSection
	GlobalSection(ExtensibilityGlobals) = postSolution
		SolutionGuid = {7144302A-10F8-477A-8B98-46111F196AB6}
	EndGlobalSection
EndGlobal
